
Microsoft Visual Studio Solution File, Format Version 12.00
# Visual Studio 2012
Project("{FAE04EC0-301F-11D3-BF4B-00C04F79EFBC}") = "Clase3", "Clase3\Clase3.csproj", "{D073D35B-5DEA-404F-91D9-6F6C2B878732}"
EndProject
Global
	GlobalSection(SolutionConfigurationPlatforms) = preSolution
		Debug|Any CPU = Debug|Any CPU
		Release|Any CPU = Release|Any CPU
	EndGlobalSection
	GlobalSection(ProjectConfigurationPlatforms) = postSolution
		{D073D35B-5DEA-404F-91D9-6F6C2B878732}.Debug|Any CPU.ActiveCfg = Debug|Any CPU
		{D073D35B-5DEA-404F-91D9-6F6C2B878732}.Debug|Any CPU.Build.0 = Debug|Any CPU
		{D073D35B-5DEA-404F-91D9-6F6C2B878732}.Release|Any CPU.ActiveCfg = Release|Any CPU
		{D073D35B-5DEA-404F-91D9-6F6C2B878732}.Release|Any CPU.Build.0 = Release|Any CPU
	EndGlobalSection
	GlobalSection(SolutionProperties) = preSolution
		HideSolutionNode = FALSE
	EndGlobalSection
EndGlobal
